
Microsoft Visual Studio Solution File, Format Version 12.00
# Visual Studio Version 16
VisualStudioVersion = 16.0.30523.141
MinimumVisualStudioVersion = 10.0.40219.1
Project("{8BC9CEB8-8B4A-11D0-8D11-00A0C91BC942}") = "Stack", "Stack\Stack.vcxproj", "{379E1524-15E5-427B-9F25-AF72697EC4FA}"
EndProject
Global
	GlobalSection(SolutionConfigurationPlatforms) = preSolution
		Debug|x64 = Debug|x64
		Debug|x86 = Debug|x86
		Release|x64 = Release|x64
		Release|x86 = Release|x86
	EndGlobalSection
	GlobalSection(ProjectConfigurationPlatforms) = postSolution
		{379E1524-15E5-427B-9F25-AF72697EC4FA}.Debug|x64.ActiveCfg = Debug|x64
		{379E1524-15E5-427B-9F25-AF72697EC4FA}.Debug|x64.Build.0 = Debug|x64
		{379E1524-15E5-427B-9F25-AF72697EC4FA}.Debug|x86.ActiveCfg = Debug|Win32
		{379E1524-15E5-427B-9F25-AF72697EC4FA}.Debug|x86.Build.0 = Debug|Win32
		{379E1524-15E5-427B-9F25-AF72697EC4FA}.Release|x64.ActiveCfg = Release|x64
		{379E1524-15E5-427B-9F25-AF72697EC4FA}.Release|x64.Build.0 = Release|x64
		{379E1524-15E5-427B-9F25-AF72697EC4FA}.Release|x86.ActiveCfg = Release|Win32
		{379E1524-15E5-427B-9F25-AF72697EC4FA}.Release|x86.Build.0 = Release|Win32
	EndGlobalSection
	GlobalSection(SolutionProperties) = preSolution
		HideSolutionNode = FALSE
	EndGlobalSection
	GlobalSection(ExtensibilityGlobals) = postSolution
		SolutionGuid = {9B1670A4-76AF-4621-A31D-4B6904A29EDC}
	EndGlobalSection
EndGlobal
