
Microsoft Visual Studio Solution File, Format Version 12.00
# Visual Studio Version 16
VisualStudioVersion = 16.0.30413.136
MinimumVisualStudioVersion = 10.0.40219.1
Project("{8BC9CEB8-8B4A-11D0-8D11-00A0C91BC942}") = "배열을 이용한 리스트 구현", "배열을 이용한 리스트 구현\배열을 이용한 리스트 구현.vcxproj", "{AEAC1144-5F33-4753-8F64-494D0926D239}"
EndProject
Global
	GlobalSection(SolutionConfigurationPlatforms) = preSolution
		Debug|x64 = Debug|x64
		Debug|x86 = Debug|x86
		Release|x64 = Release|x64
		Release|x86 = Release|x86
	EndGlobalSection
	GlobalSection(ProjectConfigurationPlatforms) = postSolution
		{AEAC1144-5F33-4753-8F64-494D0926D239}.Debug|x64.ActiveCfg = Debug|x64
		{AEAC1144-5F33-4753-8F64-494D0926D239}.Debug|x64.Build.0 = Debug|x64
		{AEAC1144-5F33-4753-8F64-494D0926D239}.Debug|x86.ActiveCfg = Debug|Win32
		{AEAC1144-5F33-4753-8F64-494D0926D239}.Debug|x86.Build.0 = Debug|Win32
		{AEAC1144-5F33-4753-8F64-494D0926D239}.Release|x64.ActiveCfg = Release|x64
		{AEAC1144-5F33-4753-8F64-494D0926D239}.Release|x64.Build.0 = Release|x64
		{AEAC1144-5F33-4753-8F64-494D0926D239}.Release|x86.ActiveCfg = Release|Win32
		{AEAC1144-5F33-4753-8F64-494D0926D239}.Release|x86.Build.0 = Release|Win32
	EndGlobalSection
	GlobalSection(SolutionProperties) = preSolution
		HideSolutionNode = FALSE
	EndGlobalSection
	GlobalSection(ExtensibilityGlobals) = postSolution
		SolutionGuid = {D0810F00-6DC4-4791-8370-493ED4C15362}
	EndGlobalSection
EndGlobal
